// !$*UTF8*$!
{
	archiveVersion = 1;
	classes = {
	};
	objectVersion = 55;
	objects = {

/* Begin PBXBuildFile section */
		DC13622B27F2D45C006A379D /* CoreDataManager.swift in Sources */ = {isa = PBXBuildFile; fileRef = DC13622A27F2D45C006A379D /* CoreDataManager.swift */; };
		DC13622F27F2DB3E006A379D /* CountryViewModel.swift in Sources */ = {isa = PBXBuildFile; fileRef = DC13622E27F2DB3E006A379D /* CountryViewModel.swift */; };
		DC420CAB27ECEA4700EF097A /* WeatherApp_SwiftUIApp.swift in Sources */ = {isa = PBXBuildFile; fileRef = DC420CAA27ECEA4700EF097A /* WeatherApp_SwiftUIApp.swift */; };
		DC420CAF27ECEA4900EF097A /* Assets.xcassets in Resources */ = {isa = PBXBuildFile; fileRef = DC420CAE27ECEA4900EF097A /* Assets.xcassets */; };
		DC420CB227ECEA4900EF097A /* Preview Assets.xcassets in Resources */ = {isa = PBXBuildFile; fileRef = DC420CB127ECEA4900EF097A /* Preview Assets.xcassets */; };
		DC420CBB27ECF0D000EF097A /* WorldClockView.swift in Sources */ = {isa = PBXBuildFile; fileRef = DC420CBA27ECF0D000EF097A /* WorldClockView.swift */; };
		DC420CC027ECF2C600EF097A /* WorldClockViewModel.swift in Sources */ = {isa = PBXBuildFile; fileRef = DC420CBF27ECF2C600EF097A /* WorldClockViewModel.swift */; };
		DC420CC327ECF2FE00EF097A /* WorldClockModel.swift in Sources */ = {isa = PBXBuildFile; fileRef = DC420CC227ECF2FE00EF097A /* WorldClockModel.swift */; };
		DC420CC727ECF4AF00EF097A /* NetworkService.swift in Sources */ = {isa = PBXBuildFile; fileRef = DC420CC627ECF4AF00EF097A /* NetworkService.swift */; };
		DC420CCA27ECF59600EF097A /* ApiEndpoints.swift in Sources */ = {isa = PBXBuildFile; fileRef = DC420CC927ECF59600EF097A /* ApiEndpoints.swift */; };
		DC436BC5280EA39600BD9806 /* CountryRepository.swift in Sources */ = {isa = PBXBuildFile; fileRef = DC436BC4280EA39600BD9806 /* CountryRepository.swift */; };
		DCE0376227F6F045003A74A4 /* MessageDocument.swift in Sources */ = {isa = PBXBuildFile; fileRef = DCE0376127F6F045003A74A4 /* MessageDocument.swift */; };
		DCEB905E27EDBF2D00182956 /* UIScreen.swift in Sources */ = {isa = PBXBuildFile; fileRef = DCEB905D27EDBF2D00182956 /* UIScreen.swift */; };
		DCEB906027EDC6A300182956 /* Calendar.swift in Sources */ = {isa = PBXBuildFile; fileRef = DCEB905F27EDC6A300182956 /* Calendar.swift */; };
		DCEB906327EDE19F00182956 /* CountryView.swift in Sources */ = {isa = PBXBuildFile; fileRef = DCEB906227EDE19F00182956 /* CountryView.swift */; };
		DCEB906827F1C86200182956 /* Country.xcdatamodeld in Sources */ = {isa = PBXBuildFile; fileRef = DCEB906627F1C86200182956 /* Country.xcdatamodeld */; };
/* End PBXBuildFile section */

/* Begin PBXFileReference section */
		DC13622A27F2D45C006A379D /* CoreDataManager.swift */ = {isa = PBXFileReference; lastKnownFileType = sourcecode.swift; path = CoreDataManager.swift; sourceTree = "<group>"; };
		DC13622E27F2DB3E006A379D /* CountryViewModel.swift */ = {isa = PBXFileReference; lastKnownFileType = sourcecode.swift; path = CountryViewModel.swift; sourceTree = "<group>"; };
		DC420CA727ECEA4700EF097A /* WeatherApp-SwiftUI.app */ = {isa = PBXFileReference; explicitFileType = wrapper.application; includeInIndex = 0; path = "WeatherApp-SwiftUI.app"; sourceTree = BUILT_PRODUCTS_DIR; };
		DC420CAA27ECEA4700EF097A /* WeatherApp_SwiftUIApp.swift */ = {isa = PBXFileReference; lastKnownFileType = sourcecode.swift; path = WeatherApp_SwiftUIApp.swift; sourceTree = "<group>"; };
		DC420CAE27ECEA4900EF097A /* Assets.xcassets */ = {isa = PBXFileReference; lastKnownFileType = folder.assetcatalog; path = Assets.xcassets; sourceTree = "<group>"; };
		DC420CB127ECEA4900EF097A /* Preview Assets.xcassets */ = {isa = PBXFileReference; lastKnownFileType = folder.assetcatalog; path = "Preview Assets.xcassets"; sourceTree = "<group>"; };
		DC420CBA27ECF0D000EF097A /* WorldClockView.swift */ = {isa = PBXFileReference; lastKnownFileType = sourcecode.swift; path = WorldClockView.swift; sourceTree = "<group>"; };
		DC420CBF27ECF2C600EF097A /* WorldClockViewModel.swift */ = {isa = PBXFileReference; lastKnownFileType = sourcecode.swift; path = WorldClockViewModel.swift; sourceTree = "<group>"; };
		DC420CC227ECF2FE00EF097A /* WorldClockModel.swift */ = {isa = PBXFileReference; lastKnownFileType = sourcecode.swift; path = WorldClockModel.swift; sourceTree = "<group>"; };
		DC420CC627ECF4AF00EF097A /* NetworkService.swift */ = {isa = PBXFileReference; lastKnownFileType = sourcecode.swift; path = NetworkService.swift; sourceTree = "<group>"; };
		DC420CC927ECF59600EF097A /* ApiEndpoints.swift */ = {isa = PBXFileReference; lastKnownFileType = sourcecode.swift; path = ApiEndpoints.swift; sourceTree = "<group>"; };
		DC436BC4280EA39600BD9806 /* CountryRepository.swift */ = {isa = PBXFileReference; lastKnownFileType = sourcecode.swift; path = CountryRepository.swift; sourceTree = "<group>"; };
		DCE0376127F6F045003A74A4 /* MessageDocument.swift */ = {isa = PBXFileReference; lastKnownFileType = sourcecode.swift; path = MessageDocument.swift; sourceTree = "<group>"; };
		DCEB905D27EDBF2D00182956 /* UIScreen.swift */ = {isa = PBXFileReference; lastKnownFileType = sourcecode.swift; path = UIScreen.swift; sourceTree = "<group>"; };
		DCEB905F27EDC6A300182956 /* Calendar.swift */ = {isa = PBXFileReference; lastKnownFileType = sourcecode.swift; path = Calendar.swift; sourceTree = "<group>"; };
		DCEB906227EDE19F00182956 /* CountryView.swift */ = {isa = PBXFileReference; lastKnownFileType = sourcecode.swift; path = CountryView.swift; sourceTree = "<group>"; };
		DCEB906727F1C86200182956 /* Country.xcdatamodel */ = {isa = PBXFileReference; lastKnownFileType = wrapper.xcdatamodel; path = Country.xcdatamodel; sourceTree = "<group>"; };
/* End PBXFileReference section */

/* Begin PBXFrameworksBuildPhase section */
		DC420CA427ECEA4700EF097A /* Frameworks */ = {
			isa = PBXFrameworksBuildPhase;
			buildActionMask = 2147483647;
			files = (
			);
			runOnlyForDeploymentPostprocessing = 0;
		};
/* End PBXFrameworksBuildPhase section */

/* Begin PBXGroup section */
		DC13622927F2D449006A379D /* Model */ = {
			isa = PBXGroup;
			children = (
				DCEB906627F1C86200182956 /* Country.xcdatamodeld */,
			);
			path = Model;
			sourceTree = "<group>";
		};
		DC13622C27F2D460006A379D /* Manager */ = {
			isa = PBXGroup;
			children = (
				DC13622A27F2D45C006A379D /* CoreDataManager.swift */,
			);
			path = Manager;
			sourceTree = "<group>";
		};
		DC13622D27F2DB30006A379D /* ViewModel */ = {
			isa = PBXGroup;
			children = (
				DC13622E27F2DB3E006A379D /* CountryViewModel.swift */,
			);
			path = ViewModel;
			sourceTree = "<group>";
		};
		DC420C9E27ECEA4700EF097A = {
			isa = PBXGroup;
			children = (
				DC420CA927ECEA4700EF097A /* WeatherApp-SwiftUI */,
				DC420CA827ECEA4700EF097A /* Products */,
			);
			sourceTree = "<group>";
		};
		DC420CA827ECEA4700EF097A /* Products */ = {
			isa = PBXGroup;
			children = (
				DC420CA727ECEA4700EF097A /* WeatherApp-SwiftUI.app */,
			);
			name = Products;
			sourceTree = "<group>";
		};
		DC420CA927ECEA4700EF097A /* WeatherApp-SwiftUI */ = {
			isa = PBXGroup;
			children = (
				DC420CC427ECF49B00EF097A /* Infrastructure */,
				DC420CBC27ECF13F00EF097A /* Core */,
				DC420CAA27ECEA4700EF097A /* WeatherApp_SwiftUIApp.swift */,
				DC420CAE27ECEA4900EF097A /* Assets.xcassets */,
				DC420CB027ECEA4900EF097A /* Preview Content */,
			);
			path = "WeatherApp-SwiftUI";
			sourceTree = "<group>";
		};
		DC420CB027ECEA4900EF097A /* Preview Content */ = {
			isa = PBXGroup;
			children = (
				DC420CB127ECEA4900EF097A /* Preview Assets.xcassets */,
			);
			path = "Preview Content";
			sourceTree = "<group>";
		};
		DC420CB927ECF09100EF097A /* WorldClock */ = {
			isa = PBXGroup;
			children = (
				DC420CC127ECF2F300EF097A /* Model */,
				DC420CBE27ECF15100EF097A /* ViewModel */,
				DC420CBD27ECF14B00EF097A /* View */,
			);
			path = WorldClock;
			sourceTree = "<group>";
		};
		DC420CBC27ECF13F00EF097A /* Core */ = {
			isa = PBXGroup;
			children = (
				DCEB906127EDE18D00182956 /* Country */,
				DC420CB927ECF09100EF097A /* WorldClock */,
			);
			path = Core;
			sourceTree = "<group>";
		};
		DC420CBD27ECF14B00EF097A /* View */ = {
			isa = PBXGroup;
			children = (
				DC420CBA27ECF0D000EF097A /* WorldClockView.swift */,
			);
			path = View;
			sourceTree = "<group>";
		};
		DC420CBE27ECF15100EF097A /* ViewModel */ = {
			isa = PBXGroup;
			children = (
				DC420CBF27ECF2C600EF097A /* WorldClockViewModel.swift */,
			);
			path = ViewModel;
			sourceTree = "<group>";
		};
		DC420CC127ECF2F300EF097A /* Model */ = {
			isa = PBXGroup;
			children = (
				DC420CC227ECF2FE00EF097A /* WorldClockModel.swift */,
			);
			path = Model;
			sourceTree = "<group>";
		};
		DC420CC427ECF49B00EF097A /* Infrastructure */ = {
			isa = PBXGroup;
			children = (
				DC436BC3280EA37D00BD9806 /* Repository */,
				DCE0376027F6F026003A74A4 /* FileExporter */,
				DCEB906527F1C85400182956 /* CoreData */,
				DCEB905C27EDBF2200182956 /* Extensions */,
				DC420CC827ECF58B00EF097A /* Constants */,
				DC420CC527ECF4A200EF097A /* Network */,
			);
			path = Infrastructure;
			sourceTree = "<group>";
		};
		DC420CC527ECF4A200EF097A /* Network */ = {
			isa = PBXGroup;
			children = (
				DC420CC627ECF4AF00EF097A /* NetworkService.swift */,
			);
			path = Network;
			sourceTree = "<group>";
		};
		DC420CC827ECF58B00EF097A /* Constants */ = {
			isa = PBXGroup;
			children = (
				DC420CC927ECF59600EF097A /* ApiEndpoints.swift */,
			);
			path = Constants;
			sourceTree = "<group>";
		};
		DC436BC3280EA37D00BD9806 /* Repository */ = {
			isa = PBXGroup;
			children = (
				DC436BC4280EA39600BD9806 /* CountryRepository.swift */,
			);
			path = Repository;
			sourceTree = "<group>";
		};
		DCE0376027F6F026003A74A4 /* FileExporter */ = {
			isa = PBXGroup;
			children = (
				DCE0376127F6F045003A74A4 /* MessageDocument.swift */,
			);
			path = FileExporter;
			sourceTree = "<group>";
		};
		DCEB905C27EDBF2200182956 /* Extensions */ = {
			isa = PBXGroup;
			children = (
				DCEB905D27EDBF2D00182956 /* UIScreen.swift */,
				DCEB905F27EDC6A300182956 /* Calendar.swift */,
			);
			path = Extensions;
			sourceTree = "<group>";
		};
		DCEB906127EDE18D00182956 /* Country */ = {
			isa = PBXGroup;
			children = (
				DC13622D27F2DB30006A379D /* ViewModel */,
				DCEB906427EDE1A300182956 /* View */,
			);
			path = Country;
			sourceTree = "<group>";
		};
		DCEB906427EDE1A300182956 /* View */ = {
			isa = PBXGroup;
			children = (
				DCEB906227EDE19F00182956 /* CountryView.swift */,
			);
			path = View;
			sourceTree = "<group>";
		};
		DCEB906527F1C85400182956 /* CoreData */ = {
			isa = PBXGroup;
			children = (
				DC13622C27F2D460006A379D /* Manager */,
				DC13622927F2D449006A379D /* Model */,
			);
			path = CoreData;
			sourceTree = "<group>";
		};
/* End PBXGroup section */

/* Begin PBXNativeTarget section */
		DC420CA627ECEA4700EF097A /* WeatherApp-SwiftUI */ = {
			isa = PBXNativeTarget;
			buildConfigurationList = DC420CB527ECEA4900EF097A /* Build configuration list for PBXNativeTarget "WeatherApp-SwiftUI" */;
			buildPhases = (
				DC420CA327ECEA4700EF097A /* Sources */,
				DC420CA427ECEA4700EF097A /* Frameworks */,
				DC420CA527ECEA4700EF097A /* Resources */,
			);
			buildRules = (
			);
			dependencies = (
			);
			name = "WeatherApp-SwiftUI";
			productName = "WeatherApp-SwiftUI";
			productReference = DC420CA727ECEA4700EF097A /* WeatherApp-SwiftUI.app */;
			productType = "com.apple.product-type.application";
		};
/* End PBXNativeTarget section */

/* Begin PBXProject section */
		DC420C9F27ECEA4700EF097A /* Project object */ = {
			isa = PBXProject;
			attributes = {
				BuildIndependentTargetsInParallel = 1;
				LastSwiftUpdateCheck = 1320;
				LastUpgradeCheck = 1320;
				TargetAttributes = {
					DC420CA627ECEA4700EF097A = {
						CreatedOnToolsVersion = 13.2.1;
					};
				};
			};
			buildConfigurationList = DC420CA227ECEA4700EF097A /* Build configuration list for PBXProject "WeatherApp-SwiftUI" */;
			compatibilityVersion = "Xcode 13.0";
			developmentRegion = en;
			hasScannedForEncodings = 0;
			knownRegions = (
				en,
				Base,
			);
			mainGroup = DC420C9E27ECEA4700EF097A;
			productRefGroup = DC420CA827ECEA4700EF097A /* Products */;
			projectDirPath = "";
			projectRoot = "";
			targets = (
				DC420CA627ECEA4700EF097A /* WeatherApp-SwiftUI */,
			);
		};
/* End PBXProject section */

/* Begin PBXResourcesBuildPhase section */
		DC420CA527ECEA4700EF097A /* Resources */ = {
			isa = PBXResourcesBuildPhase;
			buildActionMask = 2147483647;
			files = (
				DC420CB227ECEA4900EF097A /* Preview Assets.xcassets in Resources */,
				DC420CAF27ECEA4900EF097A /* Assets.xcassets in Resources */,
			);
			runOnlyForDeploymentPostprocessing = 0;
		};
/* End PBXResourcesBuildPhase section */

/* Begin PBXSourcesBuildPhase section */
		DC420CA327ECEA4700EF097A /* Sources */ = {
			isa = PBXSourcesBuildPhase;
			buildActionMask = 2147483647;
			files = (
				DCEB906027EDC6A300182956 /* Calendar.swift in Sources */,
				DC420CC727ECF4AF00EF097A /* NetworkService.swift in Sources */,
				DC420CAB27ECEA4700EF097A /* WeatherApp_SwiftUIApp.swift in Sources */,
				DCEB906327EDE19F00182956 /* CountryView.swift in Sources */,
				DC420CC027ECF2C600EF097A /* WorldClockViewModel.swift in Sources */,
				DC420CC327ECF2FE00EF097A /* WorldClockModel.swift in Sources */,
				DC420CBB27ECF0D000EF097A /* WorldClockView.swift in Sources */,
				DCEB905E27EDBF2D00182956 /* UIScreen.swift in Sources */,
				DCE0376227F6F045003A74A4 /* MessageDocument.swift in Sources */,
				DCEB906827F1C86200182956 /* Country.xcdatamodeld in Sources */,
				DC13622F27F2DB3E006A379D /* CountryViewModel.swift in Sources */,
				DC420CCA27ECF59600EF097A /* ApiEndpoints.swift in Sources */,
				DC436BC5280EA39600BD9806 /* CountryRepository.swift in Sources */,
				DC13622B27F2D45C006A379D /* CoreDataManager.swift in Sources */,
			);
			runOnlyForDeploymentPostprocessing = 0;
		};
/* End PBXSourcesBuildPhase section */

/* Begin XCBuildConfiguration section */
		DC420CB327ECEA4900EF097A /* Debug */ = {
			isa = XCBuildConfiguration;
			buildSettings = {
				ALWAYS_SEARCH_USER_PATHS = NO;
				CLANG_ANALYZER_NONNULL = YES;
				CLANG_ANALYZER_NUMBER_OBJECT_CONVERSION = YES_AGGRESSIVE;
				CLANG_CXX_LANGUAGE_STANDARD = "gnu++17";
				CLANG_CXX_LIBRARY = "libc++";
				CLANG_ENABLE_MODULES = YES;
				CLANG_ENABLE_OBJC_ARC = YES;
				CLANG_ENABLE_OBJC_WEAK = YES;
				CLANG_WARN_BLOCK_CAPTURE_AUTORELEASING = YES;
				CLANG_WARN_BOOL_CONVERSION = YES;
				CLANG_WARN_COMMA = YES;
				CLANG_WARN_CONSTANT_CONVERSION = YES;
				CLANG_WARN_DEPRECATED_OBJC_IMPLEMENTATIONS = YES;
				CLANG_WARN_DIRECT_OBJC_ISA_USAGE = YES_ERROR;
				CLANG_WARN_DOCUMENTATION_COMMENTS = YES;
				CLANG_WARN_EMPTY_BODY = YES;
				CLANG_WARN_ENUM_CONVERSION = YES;
				CLANG_WARN_INFINITE_RECURSION = YES;
				CLANG_WARN_INT_CONVERSION = YES;
				CLANG_WARN_NON_LITERAL_NULL_CONVERSION = YES;
				CLANG_WARN_OBJC_IMPLICIT_RETAIN_SELF = YES;
				CLANG_WARN_OBJC_LITERAL_CONVERSION = YES;
				CLANG_WARN_OBJC_ROOT_CLASS = YES_ERROR;
				CLANG_WARN_QUOTED_INCLUDE_IN_FRAMEWORK_HEADER = YES;
				CLANG_WARN_RANGE_LOOP_ANALYSIS = YES;
				CLANG_WARN_STRICT_PROTOTYPES = YES;
				CLANG_WARN_SUSPICIOUS_MOVE = YES;
				CLANG_WARN_UNGUARDED_AVAILABILITY = YES_AGGRESSIVE;
				CLANG_WARN_UNREACHABLE_CODE = YES;
				CLANG_WARN__DUPLICATE_METHOD_MATCH = YES;
				COPY_PHASE_STRIP = NO;
				DEBUG_INFORMATION_FORMAT = dwarf;
				ENABLE_STRICT_OBJC_MSGSEND = YES;
				ENABLE_TESTABILITY = YES;
				GCC_C_LANGUAGE_STANDARD = gnu11;
				GCC_DYNAMIC_NO_PIC = NO;
				GCC_NO_COMMON_BLOCKS = YES;
				GCC_OPTIMIZATION_LEVEL = 0;
				GCC_PREPROCESSOR_DEFINITIONS = (
					"DEBUG=1",
					"$(inherited)",
				);
				GCC_WARN_64_TO_32_BIT_CONVERSION = YES;
				GCC_WARN_ABOUT_RETURN_TYPE = YES_ERROR;
				GCC_WARN_UNDECLARED_SELECTOR = YES;
				GCC_WARN_UNINITIALIZED_AUTOS = YES_AGGRESSIVE;
				GCC_WARN_UNUSED_FUNCTION = YES;
				GCC_WARN_UNUSED_VARIABLE = YES;
				IPHONEOS_DEPLOYMENT_TARGET = 15.2;
				MTL_ENABLE_DEBUG_INFO = INCLUDE_SOURCE;
				MTL_FAST_MATH = YES;
				ONLY_ACTIVE_ARCH = YES;
				SDKROOT = iphoneos;
				SWIFT_ACTIVE_COMPILATION_CONDITIONS = DEBUG;
				SWIFT_OPTIMIZATION_LEVEL = "-Onone";
			};
			name = Debug;
		};
		DC420CB427ECEA4900EF097A /* Release */ = {
			isa = XCBuildConfiguration;
			buildSettings = {
				ALWAYS_SEARCH_USER_PATHS = NO;
				CLANG_ANALYZER_NONNULL = YES;
				CLANG_ANALYZER_NUMBER_OBJECT_CONVERSION = YES_AGGRESSIVE;
				CLANG_CXX_LANGUAGE_STANDARD = "gnu++17";
				CLANG_CXX_LIBRARY = "libc++";
				CLANG_ENABLE_MODULES = YES;
				CLANG_ENABLE_OBJC_ARC = YES;
				CLANG_ENABLE_OBJC_WEAK = YES;
				CLANG_WARN_BLOCK_CAPTURE_AUTORELEASING = YES;
				CLANG_WARN_BOOL_CONVERSION = YES;
				CLANG_WARN_COMMA = YES;
				CLANG_WARN_CONSTANT_CONVERSION = YES;
				CLANG_WARN_DEPRECATED_OBJC_IMPLEMENTATIONS = YES;
				CLANG_WARN_DIRECT_OBJC_ISA_USAGE = YES_ERROR;
				CLANG_WARN_DOCUMENTATION_COMMENTS = YES;
				CLANG_WARN_EMPTY_BODY = YES;
				CLANG_WARN_ENUM_CONVERSION = YES;
				CLANG_WARN_INFINITE_RECURSION = YES;
				CLANG_WARN_INT_CONVERSION = YES;
				CLANG_WARN_NON_LITERAL_NULL_CONVERSION = YES;
				CLANG_WARN_OBJC_IMPLICIT_RETAIN_SELF = YES;
				CLANG_WARN_OBJC_LITERAL_CONVERSION = YES;
				CLANG_WARN_OBJC_ROOT_CLASS = YES_ERROR;
				CLANG_WARN_QUOTED_INCLUDE_IN_FRAMEWORK_HEADER = YES;
				CLANG_WARN_RANGE_LOOP_ANALYSIS = YES;
				CLANG_WARN_STRICT_PROTOTYPES = YES;
				CLANG_WARN_SUSPICIOUS_MOVE = YES;
				CLANG_WARN_UNGUARDED_AVAILABILITY = YES_AGGRESSIVE;
				CLANG_WARN_UNREACHABLE_CODE = YES;
				CLANG_WARN__DUPLICATE_METHOD_MATCH = YES;
				COPY_PHASE_STRIP = NO;
				DEBUG_INFORMATION_FORMAT = "dwarf-with-dsym";
				ENABLE_NS_ASSERTIONS = NO;
				ENABLE_STRICT_OBJC_MSGSEND = YES;
				GCC_C_LANGUAGE_STANDARD = gnu11;
				GCC_NO_COMMON_BLOCKS = YES;
				GCC_WARN_64_TO_32_BIT_CONVERSION = YES;
				GCC_WARN_ABOUT_RETURN_TYPE = YES_ERROR;
				GCC_WARN_UNDECLARED_SELECTOR = YES;
				GCC_WARN_UNINITIALIZED_AUTOS = YES_AGGRESSIVE;
				GCC_WARN_UNUSED_FUNCTION = YES;
				GCC_WARN_UNUSED_VARIABLE = YES;
				IPHONEOS_DEPLOYMENT_TARGET = 15.2;
				MTL_ENABLE_DEBUG_INFO = NO;
				MTL_FAST_MATH = YES;
				SDKROOT = iphoneos;
				SWIFT_COMPILATION_MODE = wholemodule;
				SWIFT_OPTIMIZATION_LEVEL = "-O";
				VALIDATE_PRODUCT = YES;
			};
			name = Release;
		};
		DC420CB627ECEA4900EF097A /* Debug */ = {
			isa = XCBuildConfiguration;
			buildSettings = {
				ASSETCATALOG_COMPILER_APPICON_NAME = AppIcon;
				ASSETCATALOG_COMPILER_GLOBAL_ACCENT_COLOR_NAME = AccentColor;
				CODE_SIGN_STYLE = Automatic;
				CURRENT_PROJECT_VERSION = 1;
				DEVELOPMENT_ASSET_PATHS = "\"WeatherApp-SwiftUI/Preview Content\"";
				DEVELOPMENT_TEAM = PN3BW3P27A;
				ENABLE_PREVIEWS = YES;
				GENERATE_INFOPLIST_FILE = YES;
				INFOPLIST_KEY_UIApplicationSceneManifest_Generation = YES;
				INFOPLIST_KEY_UIApplicationSupportsIndirectInputEvents = YES;
				INFOPLIST_KEY_UILaunchScreen_Generation = YES;
				INFOPLIST_KEY_UISupportedInterfaceOrientations_iPad = "UIInterfaceOrientationPortrait UIInterfaceOrientationPortraitUpsideDown UIInterfaceOrientationLandscapeLeft UIInterfaceOrientationLandscapeRight";
				INFOPLIST_KEY_UISupportedInterfaceOrientations_iPhone = "UIInterfaceOrientationPortrait UIInterfaceOrientationLandscapeLeft UIInterfaceOrientationLandscapeRight";
				LD_RUNPATH_SEARCH_PATHS = (
					"$(inherited)",
					"@executable_path/Frameworks",
				);
				MARKETING_VERSION = 1.0;
				PRODUCT_BUNDLE_IDENTIFIER = "ltsi.WeatherApp-SwiftUI";
				PRODUCT_NAME = "$(TARGET_NAME)";
				SWIFT_EMIT_LOC_STRINGS = YES;
				SWIFT_VERSION = 5.0;
				TARGETED_DEVICE_FAMILY = "1,2";
			};
			name = Debug;
		};
		DC420CB727ECEA4900EF097A /* Release */ = {
			isa = XCBuildConfiguration;
			buildSettings = {
				ASSETCATALOG_COMPILER_APPICON_NAME = AppIcon;
				ASSETCATALOG_COMPILER_GLOBAL_ACCENT_COLOR_NAME = AccentColor;
				CODE_SIGN_STYLE = Automatic;
				CURRENT_PROJECT_VERSION = 1;
				DEVELOPMENT_ASSET_PATHS = "\"WeatherApp-SwiftUI/Preview Content\"";
				DEVELOPMENT_TEAM = PN3BW3P27A;
				ENABLE_PREVIEWS = YES;
				GENERATE_INFOPLIST_FILE = YES;
				INFOPLIST_KEY_UIApplicationSceneManifest_Generation = YES;
				INFOPLIST_KEY_UIApplicationSupportsIndirectInputEvents = YES;
				INFOPLIST_KEY_UILaunchScreen_Generation = YES;
				INFOPLIST_KEY_UISupportedInterfaceOrientations_iPad = "UIInterfaceOrientationPortrait UIInterfaceOrientationPortraitUpsideDown UIInterfaceOrientationLandscapeLeft UIInterfaceOrientationLandscapeRight";
				INFOPLIST_KEY_UISupportedInterfaceOrientations_iPhone = "UIInterfaceOrientationPortrait UIInterfaceOrientationLandscapeLeft UIInterfaceOrientationLandscapeRight";
				LD_RUNPATH_SEARCH_PATHS = (
					"$(inherited)",
					"@executable_path/Frameworks",
				);
				MARKETING_VERSION = 1.0;
				PRODUCT_BUNDLE_IDENTIFIER = "ltsi.WeatherApp-SwiftUI";
				PRODUCT_NAME = "$(TARGET_NAME)";
				SWIFT_EMIT_LOC_STRINGS = YES;
				SWIFT_VERSION = 5.0;
				TARGETED_DEVICE_FAMILY = "1,2";
			};
			name = Release;
		};
/* End XCBuildConfiguration section */

/* Begin XCConfigurationList section */
		DC420CA227ECEA4700EF097A /* Build configuration list for PBXProject "WeatherApp-SwiftUI" */ = {
			isa = XCConfigurationList;
			buildConfigurations = (
				DC420CB327ECEA4900EF097A /* Debug */,
				DC420CB427ECEA4900EF097A /* Release */,
			);
			defaultConfigurationIsVisible = 0;
			defaultConfigurationName = Release;
		};
		DC420CB527ECEA4900EF097A /* Build configuration list for PBXNativeTarget "WeatherApp-SwiftUI" */ = {
			isa = XCConfigurationList;
			buildConfigurations = (
				DC420CB627ECEA4900EF097A /* Debug */,
				DC420CB727ECEA4900EF097A /* Release */,
			);
			defaultConfigurationIsVisible = 0;
			defaultConfigurationName = Release;
		};
/* End XCConfigurationList section */

/* Begin XCVersionGroup section */
		DCEB906627F1C86200182956 /* Country.xcdatamodeld */ = {
			isa = XCVersionGroup;
			children = (
				DCEB906727F1C86200182956 /* Country.xcdatamodel */,
			);
			currentVersion = DCEB906727F1C86200182956 /* Country.xcdatamodel */;
			path = Country.xcdatamodeld;
			sourceTree = "<group>";
			versionGroupType = wrapper.xcdatamodel;
		};
/* End XCVersionGroup section */
	};
	rootObject = DC420C9F27ECEA4700EF097A /* Project object */;
}
